
Microsoft Visual Studio Solution File, Format Version 12.00
# Visual Studio 2013
VisualStudioVersion = 12.0.21005.1
MinimumVisualStudioVersion = 10.0.40219.1
Project("{FAE04EC0-301F-11D3-BF4B-00C04F79EFBC}") = "CrystallGrow", "CrystallGrow\CrystallGrow.csproj", "{C98A6E9D-8199-4884-83E0-E4AAB1DBD081}"
EndProject
Project("{FAE04EC0-301F-11D3-BF4B-00C04F79EFBC}") = "NanoFontGenerator", "NanoFontGenerator\NanoFontGenerator.csproj", "{F76C362E-C9F3-4F08-849D-8F81152B4BE9}"
EndProject
Global
	GlobalSection(SolutionConfigurationPlatforms) = preSolution
		Debug|Any CPU = Debug|Any CPU
		Release|Any CPU = Release|Any CPU
	EndGlobalSection
	GlobalSection(ProjectConfigurationPlatforms) = postSolution
		{C98A6E9D-8199-4884-83E0-E4AAB1DBD081}.Debug|Any CPU.ActiveCfg = Debug|Any CPU
		{C98A6E9D-8199-4884-83E0-E4AAB1DBD081}.Debug|Any CPU.Build.0 = Debug|Any CPU
		{C98A6E9D-8199-4884-83E0-E4AAB1DBD081}.Release|Any CPU.ActiveCfg = Release|Any CPU
		{C98A6E9D-8199-4884-83E0-E4AAB1DBD081}.Release|Any CPU.Build.0 = Release|Any CPU
		{F76C362E-C9F3-4F08-849D-8F81152B4BE9}.Debug|Any CPU.ActiveCfg = Debug|Any CPU
		{F76C362E-C9F3-4F08-849D-8F81152B4BE9}.Debug|Any CPU.Build.0 = Debug|Any CPU
		{F76C362E-C9F3-4F08-849D-8F81152B4BE9}.Release|Any CPU.ActiveCfg = Release|Any CPU
		{F76C362E-C9F3-4F08-849D-8F81152B4BE9}.Release|Any CPU.Build.0 = Release|Any CPU
	EndGlobalSection
	GlobalSection(SolutionProperties) = preSolution
		HideSolutionNode = FALSE
	EndGlobalSection
EndGlobal
